
Microsoft Visual Studio Solution File, Format Version 12.00
# Visual Studio Version 16
VisualStudioVersion = 16.0.31911.196
MinimumVisualStudioVersion = 10.0.40219.1
Project("{9A19103F-16F7-4668-BE54-9A1E7A4F7556}") = "OperationApp", "OperationApp\OperationApp.csproj", "{D65AC8AE-58E5-4814-BCE9-A87DBE99DB5B}"
EndProject
Global
	GlobalSection(SolutionConfigurationPlatforms) = preSolution
		Debug|Any CPU = Debug|Any CPU
		Release|Any CPU = Release|Any CPU
	EndGlobalSection
	GlobalSection(ProjectConfigurationPlatforms) = postSolution
		{D65AC8AE-58E5-4814-BCE9-A87DBE99DB5B}.Debug|Any CPU.ActiveCfg = Debug|Any CPU
		{D65AC8AE-58E5-4814-BCE9-A87DBE99DB5B}.Debug|Any CPU.Build.0 = Debug|Any CPU
		{D65AC8AE-58E5-4814-BCE9-A87DBE99DB5B}.Release|Any CPU.ActiveCfg = Release|Any CPU
		{D65AC8AE-58E5-4814-BCE9-A87DBE99DB5B}.Release|Any CPU.Build.0 = Release|Any CPU
	EndGlobalSection
	GlobalSection(SolutionProperties) = preSolution
		HideSolutionNode = FALSE
	EndGlobalSection
	GlobalSection(ExtensibilityGlobals) = postSolution
		SolutionGuid = {A867730A-C3EF-4ECB-8A83-C95EF071EE71}
	EndGlobalSection
EndGlobal
